
Microsoft Visual Studio Solution File, Format Version 12.00
# Visual Studio Version 17
VisualStudioVersion = 17.10.35122.118
MinimumVisualStudioVersion = 10.0.40219.1
Project("{9A19103F-16F7-4668-BE54-9A1E7A4F7556}") = "ApiIt", "ApiIt\ApiIt.csproj", "{1625845E-7958-45B9-BF02-BE9E48CC3D24}"
EndProject
Project("{9A19103F-16F7-4668-BE54-9A1E7A4F7556}") = "Tests", "Tests\Tests.csproj", "{3D1F5E67-33FD-46A2-AB57-604D07AADBC2}"
EndProject
Project("{9A19103F-16F7-4668-BE54-9A1E7A4F7556}") = "lib", "ApiItSDK\lib.csproj", "{7D20A11D-4684-4DF2-B008-D1F9EBAA5297}"
EndProject
Global
	GlobalSection(SolutionConfigurationPlatforms) = preSolution
		Debug|Any CPU = Debug|Any CPU
		Release|Any CPU = Release|Any CPU
	EndGlobalSection
	GlobalSection(ProjectConfigurationPlatforms) = postSolution
		{1625845E-7958-45B9-BF02-BE9E48CC3D24}.Debug|Any CPU.ActiveCfg = Debug|Any CPU
		{1625845E-7958-45B9-BF02-BE9E48CC3D24}.Debug|Any CPU.Build.0 = Debug|Any CPU
		{1625845E-7958-45B9-BF02-BE9E48CC3D24}.Release|Any CPU.ActiveCfg = Release|Any CPU
		{1625845E-7958-45B9-BF02-BE9E48CC3D24}.Release|Any CPU.Build.0 = Release|Any CPU
		{3D1F5E67-33FD-46A2-AB57-604D07AADBC2}.Debug|Any CPU.ActiveCfg = Debug|Any CPU
		{3D1F5E67-33FD-46A2-AB57-604D07AADBC2}.Debug|Any CPU.Build.0 = Debug|Any CPU
		{3D1F5E67-33FD-46A2-AB57-604D07AADBC2}.Release|Any CPU.ActiveCfg = Release|Any CPU
		{3D1F5E67-33FD-46A2-AB57-604D07AADBC2}.Release|Any CPU.Build.0 = Release|Any CPU
		{7D20A11D-4684-4DF2-B008-D1F9EBAA5297}.Debug|Any CPU.ActiveCfg = Debug|Any CPU
		{7D20A11D-4684-4DF2-B008-D1F9EBAA5297}.Debug|Any CPU.Build.0 = Debug|Any CPU
		{7D20A11D-4684-4DF2-B008-D1F9EBAA5297}.Release|Any CPU.ActiveCfg = Release|Any CPU
		{7D20A11D-4684-4DF2-B008-D1F9EBAA5297}.Release|Any CPU.Build.0 = Release|Any CPU
	EndGlobalSection
	GlobalSection(SolutionProperties) = preSolution
		HideSolutionNode = FALSE
	EndGlobalSection
	GlobalSection(ExtensibilityGlobals) = postSolution
		SolutionGuid = {483CAB80-7F29-44E7-9550-2F7DD18C44DE}
	EndGlobalSection
EndGlobal
